
Microsoft Visual Studio Solution File, Format Version 12.00
Project("{2150E333-8FDC-42A3-9474-1A3956D46DE8}") = "Solution Items", "Solution Items", "{56748C97-5E19-4A50-AEF3-01CBEA8E63C4}"
ProjectSection(SolutionItems) = preProject
	.editorconfig = .editorconfig
	.gitattributes = .gitattributes
	.gitignore = .gitignore
	LICENSE = LICENSE
	README.md = README.md
EndProjectSection
EndProject
Project("{FAE04EC0-301F-11D3-BF4B-00C04F79EFBC}") = "NRedisBloom", "src\NRedisBloom\NRedisBloom.csproj", "{C4943B3B-11E1-460B-8744-8613BAE7F66B}"
EndProject
Project("{FAE04EC0-301F-11D3-BF4B-00C04F79EFBC}") = "NRedisBloom.Tests", "tests\NRedisBloom.Tests\NRedisBloom.Tests.csproj", "{DDCC41EB-CE20-41AA-BD73-206BBBEB3F11}"
EndProject
Global
	GlobalSection(SolutionConfigurationPlatforms) = preSolution
		Debug|Any CPU = Debug|Any CPU
		Release|Any CPU = Release|Any CPU
	EndGlobalSection
	GlobalSection(ProjectConfigurationPlatforms) = postSolution
		{C4943B3B-11E1-460B-8744-8613BAE7F66B}.Debug|Any CPU.ActiveCfg = Debug|Any CPU
		{C4943B3B-11E1-460B-8744-8613BAE7F66B}.Debug|Any CPU.Build.0 = Debug|Any CPU
		{C4943B3B-11E1-460B-8744-8613BAE7F66B}.Release|Any CPU.ActiveCfg = Release|Any CPU
		{C4943B3B-11E1-460B-8744-8613BAE7F66B}.Release|Any CPU.Build.0 = Release|Any CPU
		{DDCC41EB-CE20-41AA-BD73-206BBBEB3F11}.Debug|Any CPU.ActiveCfg = Debug|Any CPU
		{DDCC41EB-CE20-41AA-BD73-206BBBEB3F11}.Debug|Any CPU.Build.0 = Debug|Any CPU
		{DDCC41EB-CE20-41AA-BD73-206BBBEB3F11}.Release|Any CPU.ActiveCfg = Release|Any CPU
		{DDCC41EB-CE20-41AA-BD73-206BBBEB3F11}.Release|Any CPU.Build.0 = Release|Any CPU
	EndGlobalSection
EndGlobal
